
Microsoft Visual Studio Solution File, Format Version 12.00
# Visual Studio Version 17
VisualStudioVersion = 17.7.34003.232
MinimumVisualStudioVersion = 10.0.40219.1
Project("{FAE04EC0-301F-11D3-BF4B-00C04F79EFBC}") = "Introduction", "Introduction\Introduction.csproj", "{52FF8FEF-1B08-4180-B736-28D6B6798965}"
EndProject
Global
	GlobalSection(SolutionConfigurationPlatforms) = preSolution
		Debug|Any CPU = Debug|Any CPU
		Release|Any CPU = Release|Any CPU
	EndGlobalSection
	GlobalSection(ProjectConfigurationPlatforms) = postSolution
		{52FF8FEF-1B08-4180-B736-28D6B6798965}.Debug|Any CPU.ActiveCfg = Debug|Any CPU
		{52FF8FEF-1B08-4180-B736-28D6B6798965}.Debug|Any CPU.Build.0 = Debug|Any CPU
		{52FF8FEF-1B08-4180-B736-28D6B6798965}.Release|Any CPU.ActiveCfg = Release|Any CPU
		{52FF8FEF-1B08-4180-B736-28D6B6798965}.Release|Any CPU.Build.0 = Release|Any CPU
	EndGlobalSection
	GlobalSection(SolutionProperties) = preSolution
		HideSolutionNode = FALSE
	EndGlobalSection
	GlobalSection(ExtensibilityGlobals) = postSolution
		SolutionGuid = {117567EC-A860-4A04-B958-C9E241AABB19}
	EndGlobalSection
EndGlobal
