
Microsoft Visual Studio Solution File, Format Version 12.00
# Visual Studio Version 17
VisualStudioVersion = 17.7.34003.232
MinimumVisualStudioVersion = 10.0.40219.1
Project("{9A19103F-16F7-4668-BE54-9A1E7A4F7556}") = "Introduction", "Introduction\Introduction.csproj", "{52FF8FEF-1B08-4180-B736-28D6B6798965}"
EndProject
Project("{9A19103F-16F7-4668-BE54-9A1E7A4F7556}") = "Variable", "Variable\Variable.csproj", "{D057626A-92DA-45E1-9EBD-48C627875085}"
EndProject
Project("{9A19103F-16F7-4668-BE54-9A1E7A4F7556}") = "TypeCasting", "TypeCasting\TypeCasting.csproj", "{7EBCE3B3-ED94-4F7C-B038-17D02CCBCC71}"
EndProject
Project("{9A19103F-16F7-4668-BE54-9A1E7A4F7556}") = "Operators", "Operators\Operators.csproj", "{D4B05900-0673-4FA3-8ECF-887066AEB893}"
EndProject
Project("{9A19103F-16F7-4668-BE54-9A1E7A4F7556}") = "Classes", "Classes\Classes.csproj", "{30BFE9A7-155A-4951-BC76-72B23EDBADF9}"
EndProject
Project("{9A19103F-16F7-4668-BE54-9A1E7A4F7556}") = "Arrays", "Arrays\Arrays.csproj", "{4AAC4BDA-7B36-431F-8C7F-0090CCFCE5C2}"
EndProject
Project("{9A19103F-16F7-4668-BE54-9A1E7A4F7556}") = "Strings", "Strings\Strings.csproj", "{0B11E6CC-CD00-4ADD-BD3B-C75FB9A24722}"
EndProject
Project("{9A19103F-16F7-4668-BE54-9A1E7A4F7556}") = "Enums", "Enums\Enums.csproj", "{5CFBFD26-2288-4F63-980E-E45064C5BE08}"
EndProject
Project("{9A19103F-16F7-4668-BE54-9A1E7A4F7556}") = "ReferenceType", "ReferenceType\ReferenceType.csproj", "{C8DA3968-F359-4960-889F-64339719B059}"
EndProject
Project("{2150E333-8FDC-42A3-9474-1A3956D46DE8}") = "ControlFlow", "ControlFlow", "{30147885-BA6B-4199-BE4B-EC85836EED23}"
EndProject
Project("{2150E333-8FDC-42A3-9474-1A3956D46DE8}") = "DataTypes", "DataTypes", "{2CCE33ED-ED6C-45ED-B03A-B57196B8491E}"
EndProject
Project("{9A19103F-16F7-4668-BE54-9A1E7A4F7556}") = "Conditional", "ConditionalStatements\Conditional.csproj", "{FC808914-BB29-4C0B-ACF9-176D21C5585E}"
EndProject
Project("{9A19103F-16F7-4668-BE54-9A1E7A4F7556}") = "Iterations", "Iterations\Iterations.csproj", "{4A662D94-856A-498F-B144-248352204333}"
EndProject
Project("{2150E333-8FDC-42A3-9474-1A3956D46DE8}") = "Exercises", "Exercises", "{6625D8E7-05BA-4906-808C-AE78DB3C6705}"
EndProject
Project("{2150E333-8FDC-42A3-9474-1A3956D46DE8}") = "ArraysLists", "ArraysLists", "{2CC6AE99-8AD3-49F8-81D1-9124DA9CA301}"
EndProject
Project("{9A19103F-16F7-4668-BE54-9A1E7A4F7556}") = "divBy3", "divBy3\divBy3.csproj", "{493419F5-1181-4590-88CD-AC88162691A0}"
EndProject
Project("{9A19103F-16F7-4668-BE54-9A1E7A4F7556}") = "sumUserInputs", "sumUserInputs\sumUserInputs.csproj", "{39CBB85D-2080-4ED0-90EE-9157F45B4044}"
EndProject
Project("{9A19103F-16F7-4668-BE54-9A1E7A4F7556}") = "factorial", "factorial\factorial.csproj", "{C6885BA9-526E-4458-AC22-1E0065F98AE7}"
EndProject
Project("{9A19103F-16F7-4668-BE54-9A1E7A4F7556}") = "GuessNumber", "GuessNumber\GuessNumber.csproj", "{4C5726E9-7840-411A-9E35-C6A518B9B0DC}"
EndProject
Project("{FAE04EC0-301F-11D3-BF4B-00C04F79EFBC}") = "MaxFromString", "MaxFromString\MaxFromString.csproj", "{06CB1214-8FE8-4945-BDF0-D4407FC92FE4}"
EndProject
Project("{FAE04EC0-301F-11D3-BF4B-00C04F79EFBC}") = "fbLikes", "fbLikes\fbLikes.csproj", "{34F5472E-3E3A-429C-BB8F-A5BC5F857480}"
EndProject
Project("{FAE04EC0-301F-11D3-BF4B-00C04F79EFBC}") = "ReverseString", "ReverseString\ReverseString.csproj", "{0B8DF5ED-AB0D-4704-BECE-DC589BA889FD}"
EndProject
Project("{FAE04EC0-301F-11D3-BF4B-00C04F79EFBC}") = "distinct5Numbers", "distinct5Numbers\distinct5Numbers.csproj", "{5FEAEAD2-C48B-4006-B6A4-4E21F26BA32A}"
EndProject
Project("{FAE04EC0-301F-11D3-BF4B-00C04F79EFBC}") = "findingDistinct", "findingDistinct\findingDistinct.csproj", "{07B5E258-D6C7-46CB-BDC5-39D58776D07E}"
EndProject
Project("{FAE04EC0-301F-11D3-BF4B-00C04F79EFBC}") = "Smallest3", "Smallest3\Smallest3.csproj", "{A8F32643-27D7-4E48-8019-F86F1D20EA94}"
EndProject
Global
	GlobalSection(SolutionConfigurationPlatforms) = preSolution
		Debug|Any CPU = Debug|Any CPU
		Release|Any CPU = Release|Any CPU
	EndGlobalSection
	GlobalSection(ProjectConfigurationPlatforms) = postSolution
		{52FF8FEF-1B08-4180-B736-28D6B6798965}.Debug|Any CPU.ActiveCfg = Debug|Any CPU
		{52FF8FEF-1B08-4180-B736-28D6B6798965}.Debug|Any CPU.Build.0 = Debug|Any CPU
		{52FF8FEF-1B08-4180-B736-28D6B6798965}.Release|Any CPU.ActiveCfg = Release|Any CPU
		{52FF8FEF-1B08-4180-B736-28D6B6798965}.Release|Any CPU.Build.0 = Release|Any CPU
		{D057626A-92DA-45E1-9EBD-48C627875085}.Debug|Any CPU.ActiveCfg = Debug|Any CPU
		{D057626A-92DA-45E1-9EBD-48C627875085}.Debug|Any CPU.Build.0 = Debug|Any CPU
		{D057626A-92DA-45E1-9EBD-48C627875085}.Release|Any CPU.ActiveCfg = Release|Any CPU
		{D057626A-92DA-45E1-9EBD-48C627875085}.Release|Any CPU.Build.0 = Release|Any CPU
		{7EBCE3B3-ED94-4F7C-B038-17D02CCBCC71}.Debug|Any CPU.ActiveCfg = Debug|Any CPU
		{7EBCE3B3-ED94-4F7C-B038-17D02CCBCC71}.Debug|Any CPU.Build.0 = Debug|Any CPU
		{7EBCE3B3-ED94-4F7C-B038-17D02CCBCC71}.Release|Any CPU.ActiveCfg = Release|Any CPU
		{7EBCE3B3-ED94-4F7C-B038-17D02CCBCC71}.Release|Any CPU.Build.0 = Release|Any CPU
		{D4B05900-0673-4FA3-8ECF-887066AEB893}.Debug|Any CPU.ActiveCfg = Debug|Any CPU
		{D4B05900-0673-4FA3-8ECF-887066AEB893}.Debug|Any CPU.Build.0 = Debug|Any CPU
		{D4B05900-0673-4FA3-8ECF-887066AEB893}.Release|Any CPU.ActiveCfg = Release|Any CPU
		{D4B05900-0673-4FA3-8ECF-887066AEB893}.Release|Any CPU.Build.0 = Release|Any CPU
		{30BFE9A7-155A-4951-BC76-72B23EDBADF9}.Debug|Any CPU.ActiveCfg = Debug|Any CPU
		{30BFE9A7-155A-4951-BC76-72B23EDBADF9}.Debug|Any CPU.Build.0 = Debug|Any CPU
		{30BFE9A7-155A-4951-BC76-72B23EDBADF9}.Release|Any CPU.ActiveCfg = Release|Any CPU
		{30BFE9A7-155A-4951-BC76-72B23EDBADF9}.Release|Any CPU.Build.0 = Release|Any CPU
		{4AAC4BDA-7B36-431F-8C7F-0090CCFCE5C2}.Debug|Any CPU.ActiveCfg = Debug|Any CPU
		{4AAC4BDA-7B36-431F-8C7F-0090CCFCE5C2}.Debug|Any CPU.Build.0 = Debug|Any CPU
		{4AAC4BDA-7B36-431F-8C7F-0090CCFCE5C2}.Release|Any CPU.ActiveCfg = Release|Any CPU
		{4AAC4BDA-7B36-431F-8C7F-0090CCFCE5C2}.Release|Any CPU.Build.0 = Release|Any CPU
		{0B11E6CC-CD00-4ADD-BD3B-C75FB9A24722}.Debug|Any CPU.ActiveCfg = Debug|Any CPU
		{0B11E6CC-CD00-4ADD-BD3B-C75FB9A24722}.Debug|Any CPU.Build.0 = Debug|Any CPU
		{0B11E6CC-CD00-4ADD-BD3B-C75FB9A24722}.Release|Any CPU.ActiveCfg = Release|Any CPU
		{0B11E6CC-CD00-4ADD-BD3B-C75FB9A24722}.Release|Any CPU.Build.0 = Release|Any CPU
		{5CFBFD26-2288-4F63-980E-E45064C5BE08}.Debug|Any CPU.ActiveCfg = Debug|Any CPU
		{5CFBFD26-2288-4F63-980E-E45064C5BE08}.Debug|Any CPU.Build.0 = Debug|Any CPU
		{5CFBFD26-2288-4F63-980E-E45064C5BE08}.Release|Any CPU.ActiveCfg = Release|Any CPU
		{5CFBFD26-2288-4F63-980E-E45064C5BE08}.Release|Any CPU.Build.0 = Release|Any CPU
		{C8DA3968-F359-4960-889F-64339719B059}.Debug|Any CPU.ActiveCfg = Debug|Any CPU
		{C8DA3968-F359-4960-889F-64339719B059}.Debug|Any CPU.Build.0 = Debug|Any CPU
		{C8DA3968-F359-4960-889F-64339719B059}.Release|Any CPU.ActiveCfg = Release|Any CPU
		{C8DA3968-F359-4960-889F-64339719B059}.Release|Any CPU.Build.0 = Release|Any CPU
		{FC808914-BB29-4C0B-ACF9-176D21C5585E}.Debug|Any CPU.ActiveCfg = Debug|Any CPU
		{FC808914-BB29-4C0B-ACF9-176D21C5585E}.Debug|Any CPU.Build.0 = Debug|Any CPU
		{FC808914-BB29-4C0B-ACF9-176D21C5585E}.Release|Any CPU.ActiveCfg = Release|Any CPU
		{FC808914-BB29-4C0B-ACF9-176D21C5585E}.Release|Any CPU.Build.0 = Release|Any CPU
		{4A662D94-856A-498F-B144-248352204333}.Debug|Any CPU.ActiveCfg = Debug|Any CPU
		{4A662D94-856A-498F-B144-248352204333}.Debug|Any CPU.Build.0 = Debug|Any CPU
		{4A662D94-856A-498F-B144-248352204333}.Release|Any CPU.ActiveCfg = Release|Any CPU
		{4A662D94-856A-498F-B144-248352204333}.Release|Any CPU.Build.0 = Release|Any CPU
		{493419F5-1181-4590-88CD-AC88162691A0}.Debug|Any CPU.ActiveCfg = Debug|Any CPU
		{493419F5-1181-4590-88CD-AC88162691A0}.Debug|Any CPU.Build.0 = Debug|Any CPU
		{493419F5-1181-4590-88CD-AC88162691A0}.Release|Any CPU.ActiveCfg = Release|Any CPU
		{493419F5-1181-4590-88CD-AC88162691A0}.Release|Any CPU.Build.0 = Release|Any CPU
		{39CBB85D-2080-4ED0-90EE-9157F45B4044}.Debug|Any CPU.ActiveCfg = Debug|Any CPU
		{39CBB85D-2080-4ED0-90EE-9157F45B4044}.Debug|Any CPU.Build.0 = Debug|Any CPU
		{39CBB85D-2080-4ED0-90EE-9157F45B4044}.Release|Any CPU.ActiveCfg = Release|Any CPU
		{39CBB85D-2080-4ED0-90EE-9157F45B4044}.Release|Any CPU.Build.0 = Release|Any CPU
		{C6885BA9-526E-4458-AC22-1E0065F98AE7}.Debug|Any CPU.ActiveCfg = Debug|Any CPU
		{C6885BA9-526E-4458-AC22-1E0065F98AE7}.Debug|Any CPU.Build.0 = Debug|Any CPU
		{C6885BA9-526E-4458-AC22-1E0065F98AE7}.Release|Any CPU.ActiveCfg = Release|Any CPU
		{C6885BA9-526E-4458-AC22-1E0065F98AE7}.Release|Any CPU.Build.0 = Release|Any CPU
		{4C5726E9-7840-411A-9E35-C6A518B9B0DC}.Debug|Any CPU.ActiveCfg = Debug|Any CPU
		{4C5726E9-7840-411A-9E35-C6A518B9B0DC}.Debug|Any CPU.Build.0 = Debug|Any CPU
		{4C5726E9-7840-411A-9E35-C6A518B9B0DC}.Release|Any CPU.ActiveCfg = Release|Any CPU
		{4C5726E9-7840-411A-9E35-C6A518B9B0DC}.Release|Any CPU.Build.0 = Release|Any CPU
		{06CB1214-8FE8-4945-BDF0-D4407FC92FE4}.Debug|Any CPU.ActiveCfg = Debug|Any CPU
		{06CB1214-8FE8-4945-BDF0-D4407FC92FE4}.Debug|Any CPU.Build.0 = Debug|Any CPU
		{06CB1214-8FE8-4945-BDF0-D4407FC92FE4}.Release|Any CPU.ActiveCfg = Release|Any CPU
		{06CB1214-8FE8-4945-BDF0-D4407FC92FE4}.Release|Any CPU.Build.0 = Release|Any CPU
		{34F5472E-3E3A-429C-BB8F-A5BC5F857480}.Debug|Any CPU.ActiveCfg = Debug|Any CPU
		{34F5472E-3E3A-429C-BB8F-A5BC5F857480}.Debug|Any CPU.Build.0 = Debug|Any CPU
		{34F5472E-3E3A-429C-BB8F-A5BC5F857480}.Release|Any CPU.ActiveCfg = Release|Any CPU
		{34F5472E-3E3A-429C-BB8F-A5BC5F857480}.Release|Any CPU.Build.0 = Release|Any CPU
		{0B8DF5ED-AB0D-4704-BECE-DC589BA889FD}.Debug|Any CPU.ActiveCfg = Debug|Any CPU
		{0B8DF5ED-AB0D-4704-BECE-DC589BA889FD}.Debug|Any CPU.Build.0 = Debug|Any CPU
		{0B8DF5ED-AB0D-4704-BECE-DC589BA889FD}.Release|Any CPU.ActiveCfg = Release|Any CPU
		{0B8DF5ED-AB0D-4704-BECE-DC589BA889FD}.Release|Any CPU.Build.0 = Release|Any CPU
		{5FEAEAD2-C48B-4006-B6A4-4E21F26BA32A}.Debug|Any CPU.ActiveCfg = Debug|Any CPU
		{5FEAEAD2-C48B-4006-B6A4-4E21F26BA32A}.Debug|Any CPU.Build.0 = Debug|Any CPU
		{5FEAEAD2-C48B-4006-B6A4-4E21F26BA32A}.Release|Any CPU.ActiveCfg = Release|Any CPU
		{5FEAEAD2-C48B-4006-B6A4-4E21F26BA32A}.Release|Any CPU.Build.0 = Release|Any CPU
		{07B5E258-D6C7-46CB-BDC5-39D58776D07E}.Debug|Any CPU.ActiveCfg = Debug|Any CPU
		{07B5E258-D6C7-46CB-BDC5-39D58776D07E}.Debug|Any CPU.Build.0 = Debug|Any CPU
		{07B5E258-D6C7-46CB-BDC5-39D58776D07E}.Release|Any CPU.ActiveCfg = Release|Any CPU
		{07B5E258-D6C7-46CB-BDC5-39D58776D07E}.Release|Any CPU.Build.0 = Release|Any CPU
		{A8F32643-27D7-4E48-8019-F86F1D20EA94}.Debug|Any CPU.ActiveCfg = Debug|Any CPU
		{A8F32643-27D7-4E48-8019-F86F1D20EA94}.Debug|Any CPU.Build.0 = Debug|Any CPU
		{A8F32643-27D7-4E48-8019-F86F1D20EA94}.Release|Any CPU.ActiveCfg = Release|Any CPU
		{A8F32643-27D7-4E48-8019-F86F1D20EA94}.Release|Any CPU.Build.0 = Release|Any CPU
	EndGlobalSection
	GlobalSection(SolutionProperties) = preSolution
		HideSolutionNode = FALSE
	EndGlobalSection
	GlobalSection(NestedProjects) = preSolution
		{7EBCE3B3-ED94-4F7C-B038-17D02CCBCC71} = {2CCE33ED-ED6C-45ED-B03A-B57196B8491E}
		{30BFE9A7-155A-4951-BC76-72B23EDBADF9} = {2CCE33ED-ED6C-45ED-B03A-B57196B8491E}
		{4AAC4BDA-7B36-431F-8C7F-0090CCFCE5C2} = {2CCE33ED-ED6C-45ED-B03A-B57196B8491E}
		{0B11E6CC-CD00-4ADD-BD3B-C75FB9A24722} = {2CCE33ED-ED6C-45ED-B03A-B57196B8491E}
		{5CFBFD26-2288-4F63-980E-E45064C5BE08} = {2CCE33ED-ED6C-45ED-B03A-B57196B8491E}
		{C8DA3968-F359-4960-889F-64339719B059} = {2CCE33ED-ED6C-45ED-B03A-B57196B8491E}
		{FC808914-BB29-4C0B-ACF9-176D21C5585E} = {30147885-BA6B-4199-BE4B-EC85836EED23}
		{4A662D94-856A-498F-B144-248352204333} = {30147885-BA6B-4199-BE4B-EC85836EED23}
		{493419F5-1181-4590-88CD-AC88162691A0} = {6625D8E7-05BA-4906-808C-AE78DB3C6705}
		{39CBB85D-2080-4ED0-90EE-9157F45B4044} = {6625D8E7-05BA-4906-808C-AE78DB3C6705}
		{C6885BA9-526E-4458-AC22-1E0065F98AE7} = {6625D8E7-05BA-4906-808C-AE78DB3C6705}
		{4C5726E9-7840-411A-9E35-C6A518B9B0DC} = {6625D8E7-05BA-4906-808C-AE78DB3C6705}
		{06CB1214-8FE8-4945-BDF0-D4407FC92FE4} = {6625D8E7-05BA-4906-808C-AE78DB3C6705}
		{34F5472E-3E3A-429C-BB8F-A5BC5F857480} = {6625D8E7-05BA-4906-808C-AE78DB3C6705}
		{0B8DF5ED-AB0D-4704-BECE-DC589BA889FD} = {6625D8E7-05BA-4906-808C-AE78DB3C6705}
		{5FEAEAD2-C48B-4006-B6A4-4E21F26BA32A} = {6625D8E7-05BA-4906-808C-AE78DB3C6705}
		{07B5E258-D6C7-46CB-BDC5-39D58776D07E} = {6625D8E7-05BA-4906-808C-AE78DB3C6705}
		{A8F32643-27D7-4E48-8019-F86F1D20EA94} = {6625D8E7-05BA-4906-808C-AE78DB3C6705}
	EndGlobalSection
	GlobalSection(ExtensibilityGlobals) = postSolution
		SolutionGuid = {117567EC-A860-4A04-B958-C9E241AABB19}
	EndGlobalSection
EndGlobal
